
Microsoft Visual Studio Solution File, Format Version 12.00
# Visual Studio 2013
VisualStudioVersion = 12.0.40629.0
MinimumVisualStudioVersion = 10.0.40219.1
Project("{FAE04EC0-301F-11D3-BF4B-00C04F79EFBC}") = "eDashboard", "eDashboard\eDashboard.csproj", "{1A1ECFF6-8E83-47DB-9740-68936D17A36F}"
EndProject
Global
	GlobalSection(SolutionConfigurationPlatforms) = preSolution
		Debug|Any CPU = Debug|Any CPU
		Release|Any CPU = Release|Any CPU
	EndGlobalSection
	GlobalSection(ProjectConfigurationPlatforms) = postSolution
		{1A1ECFF6-8E83-47DB-9740-68936D17A36F}.Debug|Any CPU.ActiveCfg = Debug|Any CPU
		{1A1ECFF6-8E83-47DB-9740-68936D17A36F}.Debug|Any CPU.Build.0 = Debug|Any CPU
		{1A1ECFF6-8E83-47DB-9740-68936D17A36F}.Release|Any CPU.ActiveCfg = Release|Any CPU
		{1A1ECFF6-8E83-47DB-9740-68936D17A36F}.Release|Any CPU.Build.0 = Release|Any CPU
	EndGlobalSection
	GlobalSection(SolutionProperties) = preSolution
		HideSolutionNode = FALSE
	EndGlobalSection
EndGlobal
